# THIS IS AN AUTOGENERATED FILE. DO NOT EDIT THIS FILE DIRECTLY.
# yarn lockfile v1


"@antv/color-util@^2.0.5":
  version "2.0.5"
  resolved "https://registry.npm.taobao.org/@antv/color-util/download/@antv/color-util-2.0.5.tgz#6c6c14ad2873526bcba72380b781a2b24360ac6e"
  integrity sha1-bGwUrShzUmvLpyOAt4GiskNgrG4=
  dependencies:
    "@antv/util" "^2.0.9"
    tslib "^1.10.0"

"@antv/component@^0.6.1":
  version "0.6.3"
  resolved "https://registry.npm.taobao.org/@antv/component/download/@antv/component-0.6.3.tgz?cache=0&sync_timestamp=1600655324103&other_urls=https%3A%2F%2Fregistry.npm.taobao.org%2F%40antv%2Fcomponent%2Fdownload%2F%40antv%2Fcomponent-0.6.3.tgz#3bb4cedbe985e831bfb378a9e672a46c0422a5a7"
  integrity sha1-O7TO2+mF6DG/s3ip5nKkbAQipac=
  dependencies:
    "@antv/dom-util" "~2.0.1"
    "@antv/g-base" "~0.4.0"
    "@antv/matrix-util" "^3.1.0-beta.1"
    "@antv/path-util" "~2.0.7"
    "@antv/scale" "~0.3.1"
    "@antv/util" "~2.0.0"
    fecha "~4.2.0"
    tslib "^1.10.0"

"@antv/dom-util@^2.0.1", "@antv/dom-util@~2.0.1":
  version "2.0.2"
  resolved "https://registry.npm.taobao.org/@antv/dom-util/download/@antv/dom-util-2.0.2.tgz#4c7b0a195e027e55570435a6825cec56dfb0b590"
  integrity sha1-THsKGV4CflVXBDWmglzsVt+wtZA=
  dependencies:
    tslib "^1.10.0"

"@antv/event-emitter@^0.1.1", "@antv/event-emitter@~0.1.0":
  version "0.1.2"
  resolved "https://registry.npm.taobao.org/@antv/event-emitter/download/@antv/event-emitter-0.1.2.tgz#a17b7cb86e6d071880dc6bfb232756f88624ecbc"
  integrity sha1-oXt8uG5tBxiA3Gv7IydW+IYk7Lw=

"@antv/g-base@^0.5.0", "@antv/g-base@^0.5.1":
  version "0.5.1"
  resolved "https://registry.npm.taobao.org/@antv/g-base/download/@antv/g-base-0.5.1.tgz#466b8719ae99e4d26e4e1fffade9db176000de1e"
  integrity sha1-RmuHGa6Z5NJuTh//renbF2AA3h4=
  dependencies:
    "@antv/event-emitter" "^0.1.1"
    "@antv/g-math" "^0.1.5"
    "@antv/matrix-util" "^3.1.0-beta.1"
    "@antv/path-util" "~2.0.5"
    "@antv/util" "~2.0.0"
    "@types/d3-timer" "^1.0.9"
    d3-ease "^1.0.5"
    d3-interpolate "^1.3.2"
    d3-timer "^1.0.9"
    detect-browser "^5.1.0"

"@antv/g-base@~0.4.0":
  version "0.4.7"
  resolved "https://registry.npm.taobao.org/@antv/g-base/download/@antv/g-base-0.4.7.tgz#7698fc4c8cb381f2b789a30fbeb26b1e88c48196"
  integrity sha1-dpj8TIyzgfK3iaMPvrJrHojEgZY=
  dependencies:
    "@antv/event-emitter" "^0.1.1"
    "@antv/g-math" "^0.1.3"
    "@antv/matrix-util" "^3.1.0-beta.1"
    "@antv/path-util" "~2.0.5"
    "@antv/util" "~2.0.0"
    "@types/d3-timer" "^1.0.9"
    d3-ease "^1.0.5"
    d3-interpolate "^1.3.2"
    d3-timer "^1.0.9"
    detect-browser "^5.1.0"

"@antv/g-canvas@^0.5.0":
  version "0.5.1"
  resolved "https://registry.npm.taobao.org/@antv/g-canvas/download/@antv/g-canvas-0.5.1.tgz#37ef422b7e6392ef77d3f1e737f2d69976a00c41"
  integrity sha1-N+9CK35jku930/HnN/LWmXagDEE=
  dependencies:
    "@antv/g-base" "^0.5.1"
    "@antv/g-math" "^0.1.5"
    "@antv/matrix-util" "^3.1.0-beta.1"
    "@antv/path-util" "~2.0.5"
    "@antv/util" "~2.0.0"
    gl-matrix "^3.0.0"

"@antv/g-math@^0.1.1", "@antv/g-math@^0.1.3", "@antv/g-math@^0.1.5":
  version "0.1.5"
  resolved "https://registry.npm.taobao.org/@antv/g-math/download/@antv/g-math-0.1.5.tgz#8e4498a7bc02b113c11b50373a9b15273139cdef"
  integrity sha1-jkSYp7wCsRPBG1A3OpsVJzE5ze8=
  dependencies:
    "@antv/util" "~2.0.0"
    gl-matrix "^3.0.0"

"@antv/g-svg@^0.5.0":
  version "0.5.1"
  resolved "https://registry.npm.taobao.org/@antv/g-svg/download/@antv/g-svg-0.5.1.tgz#27345762b81522d03060bb7662d98021c3160fc9"
  integrity sha1-JzRXYrgVItAwYLt2YtmAIcMWD8k=
  dependencies:
    "@antv/g-base" "^0.5.1"
    "@antv/g-math" "^0.1.5"
    "@antv/util" "~2.0.0"
    detect-browser "^5.0.0"

"@antv/g6@^3.7.3":
  version "3.7.3"
  resolved "https://registry.npm.taobao.org/@antv/g6/download/@antv/g6-3.7.3.tgz?cache=0&sync_timestamp=1600227648693&other_urls=https%3A%2F%2Fregistry.npm.taobao.org%2F%40antv%2Fg6%2Fdownload%2F%40antv%2Fg6-3.7.3.tgz#7c59574c4e684f4c239abdd8581d60563fb3359d"
  integrity sha1-fFlXTE5oT0wjmr3YWB1gVj+zNZ0=
  dependencies:
    "@antv/color-util" "^2.0.5"
    "@antv/component" "^0.6.1"
    "@antv/dom-util" "^2.0.1"
    "@antv/event-emitter" "~0.1.0"
    "@antv/g-base" "^0.5.0"
    "@antv/g-canvas" "^0.5.0"
    "@antv/g-math" "^0.1.1"
    "@antv/g-svg" "^0.5.0"
    "@antv/hierarchy" "^0.6.2"
    "@antv/matrix-util" "^2.0.4"
    "@antv/path-util" "^2.0.3"
    "@antv/scale" "^0.3.1"
    "@antv/util" "~2.0.5"
    d3-force "^2.0.1"
    dagre "^0.8.5"
    insert-css "^2.0.0"
    ml-matrix "^6.5.0"

"@antv/gl-matrix@^2.7.1":
  version "2.7.1"
  resolved "https://registry.npm.taobao.org/@antv/gl-matrix/download/@antv/gl-matrix-2.7.1.tgz#acb8e37f7ab3df01345aba4372d7942be42eba14"
  integrity sha1-rLjjf3qz3wE0WrpDcteUK+QuuhQ=

"@antv/hierarchy@^0.6.2":
  version "0.6.6"
  resolved "https://registry.npm.taobao.org/@antv/hierarchy/download/@antv/hierarchy-0.6.6.tgz#58459b08ef19bb34d8df0a96d52954580783aebe"
  integrity sha1-WEWbCO8ZuzTY3wqW1SlUWAeDrr4=
  dependencies:
    "@antv/util" "^2.0.7"

"@antv/matrix-util@^2.0.4":
  version "2.0.7"
  resolved "https://registry.npm.taobao.org/@antv/matrix-util/download/@antv/matrix-util-2.0.7.tgz?cache=0&sync_timestamp=1589264797596&other_urls=https%3A%2F%2Fregistry.npm.taobao.org%2F%40antv%2Fmatrix-util%2Fdownload%2F%40antv%2Fmatrix-util-2.0.7.tgz#a5190599d424c1518a1b5eb3a548271d7e98fc44"
  integrity sha1-pRkFmdQkwVGKG16zpUgnHX6Y/EQ=
  dependencies:
    "@antv/gl-matrix" "^2.7.1"
    "@antv/util" "^2.0.7"
    tslib "^1.10.0"

"@antv/matrix-util@^3.1.0-beta.1":
  version "3.1.0-beta.2"
  resolved "https://registry.npm.taobao.org/@antv/matrix-util/download/@antv/matrix-util-3.1.0-beta.2.tgz?cache=0&sync_timestamp=1589264797596&other_urls=https%3A%2F%2Fregistry.npm.taobao.org%2F%40antv%2Fmatrix-util%2Fdownload%2F%40antv%2Fmatrix-util-3.1.0-beta.2.tgz#b4afafb70dbdf52affca308d3546c8a090fd23ca"
  integrity sha1-tK+vtw299Sr/yjCNNUbIoJD9I8o=
  dependencies:
    "@antv/util" "^2.0.9"
    gl-matrix "^3.3.0"
    tslib "^1.10.0"

"@antv/path-util@^2.0.3", "@antv/path-util@~2.0.5", "@antv/path-util@~2.0.7":
  version "2.0.8"
  resolved "https://registry.npm.taobao.org/@antv/path-util/download/@antv/path-util-2.0.8.tgz#9bc54d2b7198aad988a9cc4a6de9054f26919b84"
  integrity sha1-m8VNK3GYqtmIqcxKbekFTyaRm4Q=
  dependencies:
    "@antv/util" "^2.0.9"
    tslib "^1.10.0"

"@antv/scale@^0.3.1", "@antv/scale@~0.3.1":
  version "0.3.3"
  resolved "https://registry.npm.taobao.org/@antv/scale/download/@antv/scale-0.3.3.tgz#c45a09b43eddbe0986f09da1cda52df6d9644325"
  integrity sha1-xFoJtD7dvgmG8J2hzaUt9tlkQyU=
  dependencies:
    "@antv/util" "~2.0.3"
    fecha "~4.2.0"
    tslib "^2.0.0"

"@antv/util@^2.0.7", "@antv/util@^2.0.9", "@antv/util@~2.0.0", "@antv/util@~2.0.3", "@antv/util@~2.0.5":
  version "2.0.9"
  resolved "https://registry.npm.taobao.org/@antv/util/download/@antv/util-2.0.9.tgz#bd3e296a392e11fbe2781fde39d8e70ba1c53ed0"
  integrity sha1-vT4pajkuEfvieB/eOdjnC6HFPtA=
  dependencies:
    tslib "^1.10.0"

"@types/d3-timer@^1.0.9":
  version "1.0.9"
  resolved "https://registry.npm.taobao.org/@types/d3-timer/download/@types/d3-timer-1.0.9.tgz#aed1bde0cf18920d33f5d44839d73de393633fd3"
  integrity sha1-rtG94M8Ykg0z9dRIOdc945NjP9M=

d3-color@1:
  version "1.4.1"
  resolved "https://registry.npm.taobao.org/d3-color/download/d3-color-1.4.1.tgz#c52002bf8846ada4424d55d97982fef26eb3bc8a"
  integrity sha1-xSACv4hGraRCTVXZeYL+8m6zvIo=

"d3-dispatch@1 - 2":
  version "2.0.0"
  resolved "https://registry.npm.taobao.org/d3-dispatch/download/d3-dispatch-2.0.0.tgz?cache=0&sync_timestamp=1598193330528&other_urls=https%3A%2F%2Fregistry.npm.taobao.org%2Fd3-dispatch%2Fdownload%2Fd3-dispatch-2.0.0.tgz#8a18e16f76dd3fcaef42163c97b926aa9b55e7cf"
  integrity sha1-ihjhb3bdP8rvQhY8l7kmqptV588=

d3-ease@^1.0.5:
  version "1.0.7"
  resolved "https://registry.npm.taobao.org/d3-ease/download/d3-ease-1.0.7.tgz?cache=0&sync_timestamp=1598195146410&other_urls=https%3A%2F%2Fregistry.npm.taobao.org%2Fd3-ease%2Fdownload%2Fd3-ease-1.0.7.tgz#9a834890ef8b8ae8c558b2fe55bd57f5993b85e2"
  integrity sha1-moNIkO+LiujFWLL+Vb1X9Zk7heI=

d3-force@^2.0.1:
  version "2.1.1"
  resolved "https://registry.npm.taobao.org/d3-force/download/d3-force-2.1.1.tgz#f20ccbf1e6c9e80add1926f09b51f686a8bc0937"
  integrity sha1-8gzL8ebJ6ArdGSbwm1H2hqi8CTc=
  dependencies:
    d3-dispatch "1 - 2"
    d3-quadtree "1 - 2"
    d3-timer "1 - 2"

d3-interpolate@^1.3.2:
  version "1.4.0"
  resolved "https://registry.npm.taobao.org/d3-interpolate/download/d3-interpolate-1.4.0.tgz#526e79e2d80daa383f9e0c1c1c7dcc0f0583e987"
  integrity sha1-Um554tgNqjg/ngwcHH3MDwWD6Yc=
  dependencies:
    d3-color "1"

"d3-quadtree@1 - 2":
  version "2.0.0"
  resolved "https://registry.npm.taobao.org/d3-quadtree/download/d3-quadtree-2.0.0.tgz#edbad045cef88701f6fee3aee8e93fb332d30f9d"
  integrity sha1-7brQRc74hwH2/uOu6Ok/szLTD50=

"d3-timer@1 - 2":
  version "2.0.0"
  resolved "https://registry.npm.taobao.org/d3-timer/download/d3-timer-2.0.0.tgz#055edb1d170cfe31ab2da8968deee940b56623e6"
  integrity sha1-BV7bHRcM/jGrLaiWje7pQLVmI+Y=

d3-timer@^1.0.9:
  version "1.0.10"
  resolved "https://registry.npm.taobao.org/d3-timer/download/d3-timer-1.0.10.tgz#dfe76b8a91748831b13b6d9c793ffbd508dd9de5"
  integrity sha1-3+dripF0iDGxO22ceT/71QjdneU=

dagre@^0.8.5:
  version "0.8.5"
  resolved "https://registry.npm.taobao.org/dagre/download/dagre-0.8.5.tgz#ba30b0055dac12b6c1fcc247817442777d06afee"
  integrity sha1-ujCwBV2sErbB/MJHgXRCd30Gr+4=
  dependencies:
    graphlib "^2.1.8"
    lodash "^4.17.15"

detect-browser@^5.0.0, detect-browser@^5.1.0:
  version "5.1.1"
  resolved "https://registry.npm.taobao.org/detect-browser/download/detect-browser-5.1.1.tgz?cache=0&sync_timestamp=1592803473542&other_urls=https%3A%2F%2Fregistry.npm.taobao.org%2Fdetect-browser%2Fdownload%2Fdetect-browser-5.1.1.tgz#a800db91d3fd60d0861669f5984f1be9ffbe009c"
  integrity sha1-qADbkdP9YNCGFmn1mE8b6f++AJw=

fecha@~4.2.0:
  version "4.2.0"
  resolved "https://registry.npm.taobao.org/fecha/download/fecha-4.2.0.tgz#3ffb6395453e3f3efff850404f0a59b6747f5f41"
  integrity sha1-P/tjlUU+Pz7/+FBATwpZtnR/X0E=

gl-matrix@^3.0.0, gl-matrix@^3.3.0:
  version "3.3.0"
  resolved "https://registry.npm.taobao.org/gl-matrix/download/gl-matrix-3.3.0.tgz#232eef60b1c8b30a28cbbe75b2caf6c48fd6358b"
  integrity sha1-Iy7vYLHIswooy751ssr2xI/WNYs=

graphlib@^2.1.8:
  version "2.1.8"
  resolved "https://registry.npm.taobao.org/graphlib/download/graphlib-2.1.8.tgz#5761d414737870084c92ec7b5dbcb0592c9d35da"
  integrity sha1-V2HUFHN4cAhMkux7XbywWSydNdo=
  dependencies:
    lodash "^4.17.15"

insert-css@^2.0.0:
  version "2.0.0"
  resolved "https://registry.npm.taobao.org/insert-css/download/insert-css-2.0.0.tgz#eb5d1097b7542f4c79ea3060d3aee07d053880f4"
  integrity sha1-610Ql7dUL0x56jBg067gfQU4gPQ=

is-any-array@^0.0.3:
  version "0.0.3"
  resolved "https://registry.npm.taobao.org/is-any-array/download/is-any-array-0.0.3.tgz#cbdd8c7189d47b53b050969245f4ef7e55550b9b"
  integrity sha1-y92McYnUe1OwUJaSRfTvflVVC5s=

lodash@^4.17.15:
  version "4.17.20"
  resolved "https://registry.npm.taobao.org/lodash/download/lodash-4.17.20.tgz#b44a9b6297bcb698f1c51a3545a2b3b368d59c52"
  integrity sha1-tEqbYpe8tpjxxRo1RaKzs2jVnFI=

ml-array-max@^1.1.2:
  version "1.1.2"
  resolved "https://registry.npm.taobao.org/ml-array-max/download/ml-array-max-1.1.2.tgz#ac14a4954ebdb9f401774cc1572fce439e12f94d"
  integrity sha1-rBSklU69ufQBd0zBVy/OQ54S+U0=
  dependencies:
    is-any-array "^0.0.3"

ml-array-min@^1.1.2:
  version "1.1.2"
  resolved "https://registry.npm.taobao.org/ml-array-min/download/ml-array-min-1.1.2.tgz#a084370fe78998a4131d566d066ee01bccce253a"
  integrity sha1-oIQ3D+eJmKQTHVZtBm7gG8zOJTo=
  dependencies:
    is-any-array "^0.0.3"

ml-array-rescale@^1.3.1:
  version "1.3.1"
  resolved "https://registry.npm.taobao.org/ml-array-rescale/download/ml-array-rescale-1.3.1.tgz#7e55871af8741d212e2b47b8acd55571936c822b"
  integrity sha1-flWHGvh0HSEuK0e4rNVVcZNsgis=
  dependencies:
    is-any-array "^0.0.3"
    ml-array-max "^1.1.2"
    ml-array-min "^1.1.2"

ml-matrix@^6.5.0:
  version "6.5.1"
  resolved "https://registry.npm.taobao.org/ml-matrix/download/ml-matrix-6.5.1.tgz#b61305024f548ce198faa001974fd961cd162a98"
  integrity sha1-thMFAk9UjOGY+qABl0/ZYc0WKpg=
  dependencies:
    ml-array-rescale "^1.3.1"

tslib@^1.10.0:
  version "1.13.0"
  resolved "https://registry.npm.taobao.org/tslib/download/tslib-1.13.0.tgz#c881e13cc7015894ed914862d276436fa9a47043"
  integrity sha1-yIHhPMcBWJTtkUhi0nZDb6mkcEM=

tslib@^2.0.0:
  version "2.0.1"
  resolved "https://registry.npm.taobao.org/tslib/download/tslib-2.0.1.tgz#410eb0d113e5b6356490eec749603725b021b43e"
  integrity sha1-QQ6w0RPltjVkkO7HSWA3JbAhtD4=
